
Microsoft Visual Studio Solution File, Format Version 12.00
# Visual Studio Version 16
VisualStudioVersion = 16.0.31129.286
MinimumVisualStudioVersion = 10.0.40219.1
Project("{8BC9CEB8-8B4A-11D0-8D11-00A0C91BC942}") = "TicTacToe", "TicTacToe\TicTacToe.vcxproj", "{DF1E0A9E-3EA9-4A4B-B9FD-6291511CD704}"
EndProject
Global
	GlobalSection(SolutionConfigurationPlatforms) = preSolution
		Debug|x64 = Debug|x64
		Debug|x86 = Debug|x86
		Release|x64 = Release|x64
		Release|x86 = Release|x86
	EndGlobalSection
	GlobalSection(ProjectConfigurationPlatforms) = postSolution
		{DF1E0A9E-3EA9-4A4B-B9FD-6291511CD704}.Debug|x64.ActiveCfg = Debug|x64
		{DF1E0A9E-3EA9-4A4B-B9FD-6291511CD704}.Debug|x64.Build.0 = Debug|x64
		{DF1E0A9E-3EA9-4A4B-B9FD-6291511CD704}.Debug|x86.ActiveCfg = Debug|Win32
		{DF1E0A9E-3EA9-4A4B-B9FD-6291511CD704}.Debug|x86.Build.0 = Debug|Win32
		{DF1E0A9E-3EA9-4A4B-B9FD-6291511CD704}.Release|x64.ActiveCfg = Release|x64
		{DF1E0A9E-3EA9-4A4B-B9FD-6291511CD704}.Release|x64.Build.0 = Release|x64
		{DF1E0A9E-3EA9-4A4B-B9FD-6291511CD704}.Release|x86.ActiveCfg = Release|Win32
		{DF1E0A9E-3EA9-4A4B-B9FD-6291511CD704}.Release|x86.Build.0 = Release|Win32
	EndGlobalSection
	GlobalSection(SolutionProperties) = preSolution
		HideSolutionNode = FALSE
	EndGlobalSection
	GlobalSection(ExtensibilityGlobals) = postSolution
		SolutionGuid = {9C2057DD-3A2E-4DF9-A632-D8FBE2A717EC}
	EndGlobalSection
EndGlobal
